// !$*UTF8*$!
{
	archiveVersion = 1;
	classes = {
	};
	objectVersion = 50;
	objects = {

/* Begin PBXBuildFile section */
		5697484D23E2757000C9B89E /* AppDelegate.swift in Sources */ = {isa = PBXBuildFile; fileRef = 5697484C23E2757000C9B89E /* AppDelegate.swift */; };
		5697484F23E2757000C9B89E /* SceneDelegate.swift in Sources */ = {isa = PBXBuildFile; fileRef = 5697484E23E2757000C9B89E /* SceneDelegate.swift */; };
		5697485423E2757000C9B89E /* Main.storyboard in Resources */ = {isa = PBXBuildFile; fileRef = 5697485223E2757000C9B89E /* Main.storyboard */; };
		5697485623E2757100C9B89E /* Assets.xcassets in Resources */ = {isa = PBXBuildFile; fileRef = 5697485523E2757100C9B89E /* Assets.xcassets */; };
		5697485923E2757100C9B89E /* LaunchScreen.storyboard in Resources */ = {isa = PBXBuildFile; fileRef = 5697485723E2757100C9B89E /* LaunchScreen.storyboard */; };
		5697486423E2757100C9B89E /* FlixTests.swift in Sources */ = {isa = PBXBuildFile; fileRef = 5697486323E2757100C9B89E /* FlixTests.swift */; };
		5697486F23E2757100C9B89E /* FlixUITests.swift in Sources */ = {isa = PBXBuildFile; fileRef = 5697486E23E2757100C9B89E /* FlixUITests.swift */; };
		5697487D23E27E1C00C9B89E /* MoviesViewController.swift in Sources */ = {isa = PBXBuildFile; fileRef = 5697487C23E27E1C00C9B89E /* MoviesViewController.swift */; };
		5697487F23E28AB200C9B89E /* Fonts in Resources */ = {isa = PBXBuildFile; fileRef = 5697487E23E28AB200C9B89E /* Fonts */; };
/* End PBXBuildFile section */

/* Begin PBXContainerItemProxy section */
		5697486023E2757100C9B89E /* PBXContainerItemProxy */ = {
			isa = PBXContainerItemProxy;
			containerPortal = 5697484123E2757000C9B89E /* Project object */;
			proxyType = 1;
			remoteGlobalIDString = 5697484823E2757000C9B89E;
			remoteInfo = Flix;
		};
		5697486B23E2757100C9B89E /* PBXContainerItemProxy */ = {
			isa = PBXContainerItemProxy;
			containerPortal = 5697484123E2757000C9B89E /* Project object */;
			proxyType = 1;
			remoteGlobalIDString = 5697484823E2757000C9B89E;
			remoteInfo = Flix;
		};
/* End PBXContainerItemProxy section */

/* Begin PBXFileReference section */
		5697484923E2757000C9B89E /* Flix.app */ = {isa = PBXFileReference; explicitFileType = wrapper.application; includeInIndex = 0; path = Flix.app; sourceTree = BUILT_PRODUCTS_DIR; };
		5697484C23E2757000C9B89E /* AppDelegate.swift */ = {isa = PBXFileReference; lastKnownFileType = sourcecode.swift; path = AppDelegate.swift; sourceTree = "<group>"; };
		5697484E23E2757000C9B89E /* SceneDelegate.swift */ = {isa = PBXFileReference; lastKnownFileType = sourcecode.swift; path = SceneDelegate.swift; sourceTree = "<group>"; };
		5697485323E2757000C9B89E /* Base */ = {isa = PBXFileReference; lastKnownFileType = file.storyboard; name = Base; path = Base.lproj/Main.storyboard; sourceTree = "<group>"; };
		5697485523E2757100C9B89E /* Assets.xcassets */ = {isa = PBXFileReference; lastKnownFileType = folder.assetcatalog; path = Assets.xcassets; sourceTree = "<group>"; };
		5697485823E2757100C9B89E /* Base */ = {isa = PBXFileReference; lastKnownFileType = file.storyboard; name = Base; path = Base.lproj/LaunchScreen.storyboard; sourceTree = "<group>"; };
		5697485A23E2757100C9B89E /* Info.plist */ = {isa = PBXFileReference; lastKnownFileType = text.plist.xml; path = Info.plist; sourceTree = "<group>"; };
		5697485F23E2757100C9B89E /* FlixTests.xctest */ = {isa = PBXFileReference; explicitFileType = wrapper.cfbundle; includeInIndex = 0; path = FlixTests.xctest; sourceTree = BUILT_PRODUCTS_DIR; };
		5697486323E2757100C9B89E /* FlixTests.swift */ = {isa = PBXFileReference; lastKnownFileType = sourcecode.swift; path = FlixTests.swift; sourceTree = "<group>"; };
		5697486523E2757100C9B89E /* Info.plist */ = {isa = PBXFileReference; lastKnownFileType = text.plist.xml; path = Info.plist; sourceTree = "<group>"; };
		5697486A23E2757100C9B89E /* FlixUITests.xctest */ = {isa = PBXFileReference; explicitFileType = wrapper.cfbundle; includeInIndex = 0; path = FlixUITests.xctest; sourceTree = BUILT_PRODUCTS_DIR; };
		5697486E23E2757100C9B89E /* FlixUITests.swift */ = {isa = PBXFileReference; lastKnownFileType = sourcecode.swift; path = FlixUITests.swift; sourceTree = "<group>"; };
		5697487023E2757100C9B89E /* Info.plist */ = {isa = PBXFileReference; lastKnownFileType = text.plist.xml; path = Info.plist; sourceTree = "<group>"; };
		5697487C23E27E1C00C9B89E /* MoviesViewController.swift */ = {isa = PBXFileReference; lastKnownFileType = sourcecode.swift; path = MoviesViewController.swift; sourceTree = "<group>"; };
		5697487E23E28AB200C9B89E /* Fonts */ = {isa = PBXFileReference; lastKnownFileType = folder; name = Fonts; path = "../../Downloads/OpenSans-master/Fonts"; sourceTree = "<group>"; };
		5697488023E28B3000C9B89E /* Flix.entitlements */ = {isa = PBXFileReference; lastKnownFileType = text.plist.entitlements; path = Flix.entitlements; sourceTree = "<group>"; };
/* End PBXFileReference section */

/* Begin PBXFrameworksBuildPhase section */
		5697484623E2757000C9B89E /* Frameworks */ = {
			isa = PBXFrameworksBuildPhase;
			buildActionMask = 2147483647;
			files = (
			);
			runOnlyForDeploymentPostprocessing = 0;
		};
		5697485C23E2757100C9B89E /* Frameworks */ = {
			isa = PBXFrameworksBuildPhase;
			buildActionMask = 2147483647;
			files = (
			);
			runOnlyForDeploymentPostprocessing = 0;
		};
		5697486723E2757100C9B89E /* Frameworks */ = {
			isa = PBXFrameworksBuildPhase;
			buildActionMask = 2147483647;
			files = (
			);
			runOnlyForDeploymentPostprocessing = 0;
		};
/* End PBXFrameworksBuildPhase section */

/* Begin PBXGroup section */
		5697484023E2757000C9B89E = {
			isa = PBXGroup;
			children = (
				5697484B23E2757000C9B89E /* Flix */,
				5697486223E2757100C9B89E /* FlixTests */,
				5697486D23E2757100C9B89E /* FlixUITests */,
				5697484A23E2757000C9B89E /* Products */,
				5697487E23E28AB200C9B89E /* Fonts */,
			);
			sourceTree = "<group>";
		};
		5697484A23E2757000C9B89E /* Products */ = {
			isa = PBXGroup;
			children = (
				5697484923E2757000C9B89E /* Flix.app */,
				5697485F23E2757100C9B89E /* FlixTests.xctest */,
				5697486A23E2757100C9B89E /* FlixUITests.xctest */,
			);
			name = Products;
			sourceTree = "<group>";
		};
		5697484B23E2757000C9B89E /* Flix */ = {
			isa = PBXGroup;
			children = (
				5697488023E28B3000C9B89E /* Flix.entitlements */,
				5697484C23E2757000C9B89E /* AppDelegate.swift */,
				5697484E23E2757000C9B89E /* SceneDelegate.swift */,
				5697485223E2757000C9B89E /* Main.storyboard */,
				5697485523E2757100C9B89E /* Assets.xcassets */,
				5697485723E2757100C9B89E /* LaunchScreen.storyboard */,
				5697485A23E2757100C9B89E /* Info.plist */,
				5697487C23E27E1C00C9B89E /* MoviesViewController.swift */,
			);
			path = Flix;
			sourceTree = "<group>";
		};
		5697486223E2757100C9B89E /* FlixTests */ = {
			isa = PBXGroup;
			children = (
				5697486323E2757100C9B89E /* FlixTests.swift */,
				5697486523E2757100C9B89E /* Info.plist */,
			);
			path = FlixTests;
			sourceTree = "<group>";
		};
		5697486D23E2757100C9B89E /* FlixUITests */ = {
			isa = PBXGroup;
			children = (
				5697486E23E2757100C9B89E /* FlixUITests.swift */,
				5697487023E2757100C9B89E /* Info.plist */,
			);
			path = FlixUITests;
			sourceTree = "<group>";
		};
/* End PBXGroup section */

/* Begin PBXNativeTarget section */
		5697484823E2757000C9B89E /* Flix */ = {
			isa = PBXNativeTarget;
			buildConfigurationList = 5697487323E2757100C9B89E /* Build configuration list for PBXNativeTarget "Flix" */;
			buildPhases = (
				5697484523E2757000C9B89E /* Sources */,
				5697484623E2757000C9B89E /* Frameworks */,
				5697484723E2757000C9B89E /* Resources */,
			);
			buildRules = (
			);
			dependencies = (
			);
			name = Flix;
			productName = Flix;
			productReference = 5697484923E2757000C9B89E /* Flix.app */;
			productType = "com.apple.product-type.application";
		};
		5697485E23E2757100C9B89E /* FlixTests */ = {
			isa = PBXNativeTarget;
			buildConfigurationList = 5697487623E2757100C9B89E /* Build configuration list for PBXNativeTarget "FlixTests" */;
			buildPhases = (
				5697485B23E2757100C9B89E /* Sources */,
				5697485C23E2757100C9B89E /* Frameworks */,
				5697485D23E2757100C9B89E /* Resources */,
			);
			buildRules = (
			);
			dependencies = (
				5697486123E2757100C9B89E /* PBXTargetDependency */,
			);
			name = FlixTests;
			productName = FlixTests;
			productReference = 5697485F23E2757100C9B89E /* FlixTests.xctest */;
			productType = "com.apple.product-type.bundle.unit-test";
		};
		5697486923E2757100C9B89E /* FlixUITests */ = {
			isa = PBXNativeTarget;
			buildConfigurationList = 5697487923E2757100C9B89E /* Build configuration list for PBXNativeTarget "FlixUITests" */;
			buildPhases = (
				5697486623E2757100C9B89E /* Sources */,
				5697486723E2757100C9B89E /* Frameworks */,
				5697486823E2757100C9B89E /* Resources */,
			);
			buildRules = (
			);
			dependencies = (
				5697486C23E2757100C9B89E /* PBXTargetDependency */,
			);
			name = FlixUITests;
			productName = FlixUITests;
			productReference = 5697486A23E2757100C9B89E /* FlixUITests.xctest */;
			productType = "com.apple.product-type.bundle.ui-testing";
		};
/* End PBXNativeTarget section */

/* Begin PBXProject section */
		5697484123E2757000C9B89E /* Project object */ = {
			isa = PBXProject;
			attributes = {
				LastSwiftUpdateCheck = 1130;
				LastUpgradeCheck = 1130;
				ORGANIZATIONNAME = "Codepath project";
				TargetAttributes = {
					5697484823E2757000C9B89E = {
						CreatedOnToolsVersion = 11.3.1;
					};
					5697485E23E2757100C9B89E = {
						CreatedOnToolsVersion = 11.3.1;
						TestTargetID = 5697484823E2757000C9B89E;
					};
					5697486923E2757100C9B89E = {
						CreatedOnToolsVersion = 11.3.1;
						TestTargetID = 5697484823E2757000C9B89E;
					};
				};
			};
			buildConfigurationList = 5697484423E2757000C9B89E /* Build configuration list for PBXProject "Flix" */;
			compatibilityVersion = "Xcode 9.3";
			developmentRegion = en;
			hasScannedForEncodings = 0;
			knownRegions = (
				en,
				Base,
			);
			mainGroup = 5697484023E2757000C9B89E;
			productRefGroup = 5697484A23E2757000C9B89E /* Products */;
			projectDirPath = "";
			projectRoot = "";
			targets = (
				5697484823E2757000C9B89E /* Flix */,
				5697485E23E2757100C9B89E /* FlixTests */,
				5697486923E2757100C9B89E /* FlixUITests */,
			);
		};
/* End PBXProject section */

/* Begin PBXResourcesBuildPhase section */
		5697484723E2757000C9B89E /* Resources */ = {
			isa = PBXResourcesBuildPhase;
			buildActionMask = 2147483647;
			files = (
				5697485923E2757100C9B89E /* LaunchScreen.storyboard in Resources */,
				5697485623E2757100C9B89E /* Assets.xcassets in Resources */,
				5697485423E2757000C9B89E /* Main.storyboard in Resources */,
				5697487F23E28AB200C9B89E /* Fonts in Resources */,
			);
			runOnlyForDeploymentPostprocessing = 0;
		};
		5697485D23E2757100C9B89E /* Resources */ = {
			isa = PBXResourcesBuildPhase;
			buildActionMask = 2147483647;
			files = (
			);
			runOnlyForDeploymentPostprocessing = 0;
		};
		5697486823E2757100C9B89E /* Resources */ = {
			isa = PBXResourcesBuildPhase;
			buildActionMask = 2147483647;
			files = (
			);
			runOnlyForDeploymentPostprocessing = 0;
		};
/* End PBXResourcesBuildPhase section */

/* Begin PBXSourcesBuildPhase section */
		5697484523E2757000C9B89E /* Sources */ = {
			isa = PBXSourcesBuildPhase;
			buildActionMask = 2147483647;
			files = (
				5697484D23E2757000C9B89E /* AppDelegate.swift in Sources */,
				5697484F23E2757000C9B89E /* SceneDelegate.swift in Sources */,
				5697487D23E27E1C00C9B89E /* MoviesViewController.swift in Sources */,
			);
			runOnlyForDeploymentPostprocessing = 0;
		};
		5697485B23E2757100C9B89E /* Sources */ = {
			isa = PBXSourcesBuildPhase;
			buildActionMask = 2147483647;
			files = (
				5697486423E2757100C9B89E /* FlixTests.swift in Sources */,
			);
			runOnlyForDeploymentPostprocessing = 0;
		};
		5697486623E2757100C9B89E /* Sources */ = {
			isa = PBXSourcesBuildPhase;
			buildActionMask = 2147483647;
			files = (
				5697486F23E2757100C9B89E /* FlixUITests.swift in Sources */,
			);
			runOnlyForDeploymentPostprocessing = 0;
		};
/* End PBXSourcesBuildPhase section */

/* Begin PBXTargetDependency section */
		5697486123E2757100C9B89E /* PBXTargetDependency */ = {
			isa = PBXTargetDependency;
			target = 5697484823E2757000C9B89E /* Flix */;
			targetProxy = 5697486023E2757100C9B89E /* PBXContainerItemProxy */;
		};
		5697486C23E2757100C9B89E /* PBXTargetDependency */ = {
			isa = PBXTargetDependency;
			target = 5697484823E2757000C9B89E /* Flix */;
			targetProxy = 5697486B23E2757100C9B89E /* PBXContainerItemProxy */;
		};
/* End PBXTargetDependency section */

/* Begin PBXVariantGroup section */
		5697485223E2757000C9B89E /* Main.storyboard */ = {
			isa = PBXVariantGroup;
			children = (
				5697485323E2757000C9B89E /* Base */,
			);
			name = Main.storyboard;
			sourceTree = "<group>";
		};
		5697485723E2757100C9B89E /* LaunchScreen.storyboard */ = {
			isa = PBXVariantGroup;
			children = (
				5697485823E2757100C9B89E /* Base */,
			);
			name = LaunchScreen.storyboard;
			sourceTree = "<group>";
		};
/* End PBXVariantGroup section */

/* Begin XCBuildConfiguration section */
		5697487123E2757100C9B89E /* Debug */ = {
			isa = XCBuildConfiguration;
			buildSettings = {
				ALWAYS_SEARCH_USER_PATHS = NO;
				CLANG_ANALYZER_NONNULL = YES;
				CLANG_ANALYZER_NUMBER_OBJECT_CONVERSION = YES_AGGRESSIVE;
				CLANG_CXX_LANGUAGE_STANDARD = "gnu++14";
				CLANG_CXX_LIBRARY = "libc++";
				CLANG_ENABLE_MODULES = YES;
				CLANG_ENABLE_OBJC_ARC = YES;
				CLANG_ENABLE_OBJC_WEAK = YES;
				CLANG_WARN_BLOCK_CAPTURE_AUTORELEASING = YES;
				CLANG_WARN_BOOL_CONVERSION = YES;
				CLANG_WARN_COMMA = YES;
				CLANG_WARN_CONSTANT_CONVERSION = YES;
				CLANG_WARN_DEPRECATED_OBJC_IMPLEMENTATIONS = YES;
				CLANG_WARN_DIRECT_OBJC_ISA_USAGE = YES_ERROR;
				CLANG_WARN_DOCUMENTATION_COMMENTS = YES;
				CLANG_WARN_EMPTY_BODY = YES;
				CLANG_WARN_ENUM_CONVERSION = YES;
				CLANG_WARN_INFINITE_RECURSION = YES;
				CLANG_WARN_INT_CONVERSION = YES;
				CLANG_WARN_NON_LITERAL_NULL_CONVERSION = YES;
				CLANG_WARN_OBJC_IMPLICIT_RETAIN_SELF = YES;
				CLANG_WARN_OBJC_LITERAL_CONVERSION = YES;
				CLANG_WARN_OBJC_ROOT_CLASS = YES_ERROR;
				CLANG_WARN_RANGE_LOOP_ANALYSIS = YES;
				CLANG_WARN_STRICT_PROTOTYPES = YES;
				CLANG_WARN_SUSPICIOUS_MOVE = YES;
				CLANG_WARN_UNGUARDED_AVAILABILITY = YES_AGGRESSIVE;
				CLANG_WARN_UNREACHABLE_CODE = YES;
				CLANG_WARN__DUPLICATE_METHOD_MATCH = YES;
				COPY_PHASE_STRIP = NO;
				DEBUG_INFORMATION_FORMAT = dwarf;
				ENABLE_STRICT_OBJC_MSGSEND = YES;
				ENABLE_TESTABILITY = YES;
				GCC_C_LANGUAGE_STANDARD = gnu11;
				GCC_DYNAMIC_NO_PIC = NO;
				GCC_NO_COMMON_BLOCKS = YES;
				GCC_OPTIMIZATION_LEVEL = 0;
				GCC_PREPROCESSOR_DEFINITIONS = (
					"DEBUG=1",
					"$(inherited)",
				);
				GCC_WARN_64_TO_32_BIT_CONVERSION = YES;
				GCC_WARN_ABOUT_RETURN_TYPE = YES_ERROR;
				GCC_WARN_UNDECLARED_SELECTOR = YES;
				GCC_WARN_UNINITIALIZED_AUTOS = YES_AGGRESSIVE;
				GCC_WARN_UNUSED_FUNCTION = YES;
				GCC_WARN_UNUSED_VARIABLE = YES;
				IPHONEOS_DEPLOYMENT_TARGET = 13.2;
				MTL_ENABLE_DEBUG_INFO = INCLUDE_SOURCE;
				MTL_FAST_MATH = YES;
				ONLY_ACTIVE_ARCH = YES;
				SDKROOT = iphoneos;
				SWIFT_ACTIVE_COMPILATION_CONDITIONS = DEBUG;
				SWIFT_OPTIMIZATION_LEVEL = "-Onone";
			};
			name = Debug;
		};
		5697487223E2757100C9B89E /* Release */ = {
			isa = XCBuildConfiguration;
			buildSettings = {
				ALWAYS_SEARCH_USER_PATHS = NO;
				CLANG_ANALYZER_NONNULL = YES;
				CLANG_ANALYZER_NUMBER_OBJECT_CONVERSION = YES_AGGRESSIVE;
				CLANG_CXX_LANGUAGE_STANDARD = "gnu++14";
				CLANG_CXX_LIBRARY = "libc++";
				CLANG_ENABLE_MODULES = YES;
				CLANG_ENABLE_OBJC_ARC = YES;
				CLANG_ENABLE_OBJC_WEAK = YES;
				CLANG_WARN_BLOCK_CAPTURE_AUTORELEASING = YES;
				CLANG_WARN_BOOL_CONVERSION = YES;
				CLANG_WARN_COMMA = YES;
				CLANG_WARN_CONSTANT_CONVERSION = YES;
				CLANG_WARN_DEPRECATED_OBJC_IMPLEMENTATIONS = YES;
				CLANG_WARN_DIRECT_OBJC_ISA_USAGE = YES_ERROR;
				CLANG_WARN_DOCUMENTATION_COMMENTS = YES;
				CLANG_WARN_EMPTY_BODY = YES;
				CLANG_WARN_ENUM_CONVERSION = YES;
				CLANG_WARN_INFINITE_RECURSION = YES;
				CLANG_WARN_INT_CONVERSION = YES;
				CLANG_WARN_NON_LITERAL_NULL_CONVERSION = YES;
				CLANG_WARN_OBJC_IMPLICIT_RETAIN_SELF = YES;
				CLANG_WARN_OBJC_LITERAL_CONVERSION = YES;
				CLANG_WARN_OBJC_ROOT_CLASS = YES_ERROR;
				CLANG_WARN_RANGE_LOOP_ANALYSIS = YES;
				CLANG_WARN_STRICT_PROTOTYPES = YES;
				CLANG_WARN_SUSPICIOUS_MOVE = YES;
				CLANG_WARN_UNGUARDED_AVAILABILITY = YES_AGGRESSIVE;
				CLANG_WARN_UNREACHABLE_CODE = YES;
				CLANG_WARN__DUPLICATE_METHOD_MATCH = YES;
				COPY_PHASE_STRIP = NO;
				DEBUG_INFORMATION_FORMAT = "dwarf-with-dsym";
				ENABLE_NS_ASSERTIONS = NO;
				ENABLE_STRICT_OBJC_MSGSEND = YES;
				GCC_C_LANGUAGE_STANDARD = gnu11;
				GCC_NO_COMMON_BLOCKS = YES;
				GCC_WARN_64_TO_32_BIT_CONVERSION = YES;
				GCC_WARN_ABOUT_RETURN_TYPE = YES_ERROR;
				GCC_WARN_UNDECLARED_SELECTOR = YES;
				GCC_WARN_UNINITIALIZED_AUTOS = YES_AGGRESSIVE;
				GCC_WARN_UNUSED_FUNCTION = YES;
				GCC_WARN_UNUSED_VARIABLE = YES;
				IPHONEOS_DEPLOYMENT_TARGET = 13.2;
				MTL_ENABLE_DEBUG_INFO = NO;
				MTL_FAST_MATH = YES;
				SDKROOT = iphoneos;
				SWIFT_COMPILATION_MODE = wholemodule;
				SWIFT_OPTIMIZATION_LEVEL = "-O";
				VALIDATE_PRODUCT = YES;
			};
			name = Release;
		};
		5697487423E2757100C9B89E /* Debug */ = {
			isa = XCBuildConfiguration;
			buildSettings = {
				ASSETCATALOG_COMPILER_APPICON_NAME = AppIcon;
				CODE_SIGN_ENTITLEMENTS = Flix/Flix.entitlements;
				CODE_SIGN_STYLE = Automatic;
				DEVELOPMENT_TEAM = RZSQL3J9XN;
				INFOPLIST_FILE = Flix/Info.plist;
				LD_RUNPATH_SEARCH_PATHS = (
					"$(inherited)",
					"@executable_path/Frameworks",
				);
				PRODUCT_BUNDLE_IDENTIFIER = makundeflix;
				PRODUCT_NAME = "$(TARGET_NAME)";
				SWIFT_VERSION = 5.0;
				TARGETED_DEVICE_FAMILY = "1,2";
			};
			name = Debug;
		};
		5697487523E2757100C9B89E /* Release */ = {
			isa = XCBuildConfiguration;
			buildSettings = {
				ASSETCATALOG_COMPILER_APPICON_NAME = AppIcon;
				CODE_SIGN_ENTITLEMENTS = Flix/Flix.entitlements;
				CODE_SIGN_STYLE = Automatic;
				DEVELOPMENT_TEAM = RZSQL3J9XN;
				INFOPLIST_FILE = Flix/Info.plist;
				LD_RUNPATH_SEARCH_PATHS = (
					"$(inherited)",
					"@executable_path/Frameworks",
				);
				PRODUCT_BUNDLE_IDENTIFIER = makundeflix;
				PRODUCT_NAME = "$(TARGET_NAME)";
				SWIFT_VERSION = 5.0;
				TARGETED_DEVICE_FAMILY = "1,2";
			};
			name = Release;
		};
		5697487723E2757100C9B89E /* Debug */ = {
			isa = XCBuildConfiguration;
			buildSettings = {
				ALWAYS_EMBED_SWIFT_STANDARD_LIBRARIES = YES;
				BUNDLE_LOADER = "$(TEST_HOST)";
				CODE_SIGN_STYLE = Automatic;
				INFOPLIST_FILE = FlixTests/Info.plist;
				IPHONEOS_DEPLOYMENT_TARGET = 13.2;
				LD_RUNPATH_SEARCH_PATHS = (
					"$(inherited)",
					"@executable_path/Frameworks",
					"@loader_path/Frameworks",
				);
				PRODUCT_BUNDLE_IDENTIFIER = codepath.FlixTests;
				PRODUCT_NAME = "$(TARGET_NAME)";
				SWIFT_VERSION = 5.0;
				TARGETED_DEVICE_FAMILY = "1,2";
				TEST_HOST = "$(BUILT_PRODUCTS_DIR)/Flix.app/Flix";
			};
			name = Debug;
		};
		5697487823E2757100C9B89E /* Release */ = {
			isa = XCBuildConfiguration;
			buildSettings = {
				ALWAYS_EMBED_SWIFT_STANDARD_LIBRARIES = YES;
				BUNDLE_LOADER = "$(TEST_HOST)";
				CODE_SIGN_STYLE = Automatic;
				INFOPLIST_FILE = FlixTests/Info.plist;
				IPHONEOS_DEPLOYMENT_TARGET = 13.2;
				LD_RUNPATH_SEARCH_PATHS = (
					"$(inherited)",
					"@executable_path/Frameworks",
					"@loader_path/Frameworks",
				);
				PRODUCT_BUNDLE_IDENTIFIER = codepath.FlixTests;
				PRODUCT_NAME = "$(TARGET_NAME)";
				SWIFT_VERSION = 5.0;
				TARGETED_DEVICE_FAMILY = "1,2";
				TEST_HOST = "$(BUILT_PRODUCTS_DIR)/Flix.app/Flix";
			};
			name = Release;
		};
		5697487A23E2757100C9B89E /* Debug */ = {
			isa = XCBuildConfiguration;
			buildSettings = {
				ALWAYS_EMBED_SWIFT_STANDARD_LIBRARIES = YES;
				CODE_SIGN_STYLE = Automatic;
				INFOPLIST_FILE = FlixUITests/Info.plist;
				LD_RUNPATH_SEARCH_PATHS = (
					"$(inherited)",
					"@executable_path/Frameworks",
					"@loader_path/Frameworks",
				);
				PRODUCT_BUNDLE_IDENTIFIER = codepath.FlixUITests;
				PRODUCT_NAME = "$(TARGET_NAME)";
				SWIFT_VERSION = 5.0;
				TARGETED_DEVICE_FAMILY = "1,2";
				TEST_TARGET_NAME = Flix;
			};
			name = Debug;
		};
		5697487B23E2757100C9B89E /* Release */ = {
			isa = XCBuildConfiguration;
			buildSettings = {
				ALWAYS_EMBED_SWIFT_STANDARD_LIBRARIES = YES;
				CODE_SIGN_STYLE = Automatic;
				INFOPLIST_FILE = FlixUITests/Info.plist;
				LD_RUNPATH_SEARCH_PATHS = (
					"$(inherited)",
					"@executable_path/Frameworks",
					"@loader_path/Frameworks",
				);
				PRODUCT_BUNDLE_IDENTIFIER = codepath.FlixUITests;
				PRODUCT_NAME = "$(TARGET_NAME)";
				SWIFT_VERSION = 5.0;
				TARGETED_DEVICE_FAMILY = "1,2";
				TEST_TARGET_NAME = Flix;
			};
			name = Release;
		};
/* End XCBuildConfiguration section */

/* Begin XCConfigurationList section */
		5697484423E2757000C9B89E /* Build configuration list for PBXProject "Flix" */ = {
			isa = XCConfigurationList;
			buildConfigurations = (
				5697487123E2757100C9B89E /* Debug */,
				5697487223E2757100C9B89E /* Release */,
			);
			defaultConfigurationIsVisible = 0;
			defaultConfigurationName = Release;
		};
		5697487323E2757100C9B89E /* Build configuration list for PBXNativeTarget "Flix" */ = {
			isa = XCConfigurationList;
			buildConfigurations = (
				5697487423E2757100C9B89E /* Debug */,
				5697487523E2757100C9B89E /* Release */,
			);
			defaultConfigurationIsVisible = 0;
			defaultConfigurationName = Release;
		};
		5697487623E2757100C9B89E /* Build configuration list for PBXNativeTarget "FlixTests" */ = {
			isa = XCConfigurationList;
			buildConfigurations = (
				5697487723E2757100C9B89E /* Debug */,
				5697487823E2757100C9B89E /* Release */,
			);
			defaultConfigurationIsVisible = 0;
			defaultConfigurationName = Release;
		};
		5697487923E2757100C9B89E /* Build configuration list for PBXNativeTarget "FlixUITests" */ = {
			isa = XCConfigurationList;
			buildConfigurations = (
				5697487A23E2757100C9B89E /* Debug */,
				5697487B23E2757100C9B89E /* Release */,
			);
			defaultConfigurationIsVisible = 0;
			defaultConfigurationName = Release;
		};
/* End XCConfigurationList section */
	};
	rootObject = 5697484123E2757000C9B89E /* Project object */;
}
